
Microsoft Visual Studio Solution File, Format Version 12.00
# Visual Studio Version 17
VisualStudioVersion = 17.14.36616.10
MinimumVisualStudioVersion = 10.0.40219.1
Project("{FAE04EC0-301F-11D3-BF4B-00C04F79EFBC}") = "FoodDelivery.API", "FoodDelivery.API\FoodDelivery.API.csproj", "{4C65213C-34F2-4488-B5A8-020A316646BC}"
EndProject
Project("{FAE04EC0-301F-11D3-BF4B-00C04F79EFBC}") = "FoodDelivery.Domain", "FoodDelivery.Domain\FoodDelivery.Domain.csproj", "{8D016CF7-6321-470F-A4C5-67FADFC027F1}"
EndProject
Project("{FAE04EC0-301F-11D3-BF4B-00C04F79EFBC}") = "FoodDelivery.Infrastructure", "FoodDelivery.Infrastructure\FoodDelivery.Infrastructure.csproj", "{DB14183D-4556-4983-ABE1-672CF53D2FBE}"
EndProject
Project("{FAE04EC0-301F-11D3-BF4B-00C04F79EFBC}") = "FoodDelivery.Application", "FoodDelivery.Application\FoodDelivery.Application.csproj", "{C1D82AE1-E4BE-4F90-A63C-4D010A803F56}"
EndProject
Global
	GlobalSection(SolutionConfigurationPlatforms) = preSolution
		Debug|Any CPU = Debug|Any CPU
		Release|Any CPU = Release|Any CPU
	EndGlobalSection
	GlobalSection(ProjectConfigurationPlatforms) = postSolution
		{4C65213C-34F2-4488-B5A8-020A316646BC}.Debug|Any CPU.ActiveCfg = Debug|Any CPU
		{4C65213C-34F2-4488-B5A8-020A316646BC}.Debug|Any CPU.Build.0 = Debug|Any CPU
		{4C65213C-34F2-4488-B5A8-020A316646BC}.Release|Any CPU.ActiveCfg = Release|Any CPU
		{4C65213C-34F2-4488-B5A8-020A316646BC}.Release|Any CPU.Build.0 = Release|Any CPU
		{8D016CF7-6321-470F-A4C5-67FADFC027F1}.Debug|Any CPU.ActiveCfg = Debug|Any CPU
		{8D016CF7-6321-470F-A4C5-67FADFC027F1}.Debug|Any CPU.Build.0 = Debug|Any CPU
		{8D016CF7-6321-470F-A4C5-67FADFC027F1}.Release|Any CPU.ActiveCfg = Release|Any CPU
		{8D016CF7-6321-470F-A4C5-67FADFC027F1}.Release|Any CPU.Build.0 = Release|Any CPU
		{DB14183D-4556-4983-ABE1-672CF53D2FBE}.Debug|Any CPU.ActiveCfg = Debug|Any CPU
		{DB14183D-4556-4983-ABE1-672CF53D2FBE}.Debug|Any CPU.Build.0 = Debug|Any CPU
		{DB14183D-4556-4983-ABE1-672CF53D2FBE}.Release|Any CPU.ActiveCfg = Release|Any CPU
		{DB14183D-4556-4983-ABE1-672CF53D2FBE}.Release|Any CPU.Build.0 = Release|Any CPU
		{C1D82AE1-E4BE-4F90-A63C-4D010A803F56}.Debug|Any CPU.ActiveCfg = Debug|Any CPU
		{C1D82AE1-E4BE-4F90-A63C-4D010A803F56}.Debug|Any CPU.Build.0 = Debug|Any CPU
		{C1D82AE1-E4BE-4F90-A63C-4D010A803F56}.Release|Any CPU.ActiveCfg = Release|Any CPU
		{C1D82AE1-E4BE-4F90-A63C-4D010A803F56}.Release|Any CPU.Build.0 = Release|Any CPU
	EndGlobalSection
	GlobalSection(SolutionProperties) = preSolution
		HideSolutionNode = FALSE
	EndGlobalSection
	GlobalSection(ExtensibilityGlobals) = postSolution
		SolutionGuid = {50F3CA86-017A-4A27-A523-C2A9450D16FC}
	EndGlobalSection
EndGlobal
